Microsoft Visual Studio Solution File, Format Version 11.00
# Visual Studio 2008

Project("{5C47D777-D55D-393B-DA34-E43E08D81CF3}") = "shy-zombie", "Assembly-CSharp.csproj", "{2FCB4688-A3D3-406B-E00F-5B8AECFCAE51}"
EndProject
Project("{5C47D777-D55D-393B-DA34-E43E08D81CF3}") = "shy-zombie", "Assembly-CSharp-Editor.csproj", "{B9A387E7-7E07-718E-6CDE-79DB5B948B02}"
EndProject
Project("{5C47D777-D55D-393B-DA34-E43E08D81CF3}") = "shy-zombie", "Assembly-UnityScript.unityproj", "{431BD674-3E48-6CEE-83FD-2CE9D6320A23}"
EndProject
Global
	GlobalSection(SolutionConfigurationPlatforms) = preSolution
		Debug|Any CPU = Debug|Any CPU
		Release|Any CPU = Release|Any CPU
	EndGlobalSection
	GlobalSection(ProjectConfigurationPlatforms) = postSolution
		{2FCB4688-A3D3-406B-E00F-5B8AECFCAE51}.Debug|Any CPU.ActiveCfg = Debug|Any CPU
		{2FCB4688-A3D3-406B-E00F-5B8AECFCAE51}.Debug|Any CPU.Build.0 = Debug|Any CPU
		{2FCB4688-A3D3-406B-E00F-5B8AECFCAE51}.Release|Any CPU.ActiveCfg = Release|Any CPU
		{2FCB4688-A3D3-406B-E00F-5B8AECFCAE51}.Release|Any CPU.Build.0 = Release|Any CPU
		{B9A387E7-7E07-718E-6CDE-79DB5B948B02}.Debug|Any CPU.ActiveCfg = Debug|Any CPU
		{B9A387E7-7E07-718E-6CDE-79DB5B948B02}.Debug|Any CPU.Build.0 = Debug|Any CPU
		{B9A387E7-7E07-718E-6CDE-79DB5B948B02}.Release|Any CPU.ActiveCfg = Release|Any CPU
		{B9A387E7-7E07-718E-6CDE-79DB5B948B02}.Release|Any CPU.Build.0 = Release|Any CPU
		{431BD674-3E48-6CEE-83FD-2CE9D6320A23}.Debug|Any CPU.ActiveCfg = Debug|Any CPU
		{431BD674-3E48-6CEE-83FD-2CE9D6320A23}.Debug|Any CPU.Build.0 = Debug|Any CPU
		{431BD674-3E48-6CEE-83FD-2CE9D6320A23}.Release|Any CPU.ActiveCfg = Release|Any CPU
		{431BD674-3E48-6CEE-83FD-2CE9D6320A23}.Release|Any CPU.Build.0 = Release|Any CPU
	EndGlobalSection
	GlobalSection(SolutionProperties) = preSolution
		HideSolutionNode = FALSE
	EndGlobalSection
																																								GlobalSection(MonoDevelopProperties) = preSolution
		StartupItem = Assembly-CSharp.csproj
		Policies = $0
		$0.TextStylePolicy = $1
		$1.inheritsSet = null
		$1.scope = text/x-csharp
		$0.CSharpFormattingPolicy = $2
		$2.inheritsSet = Mono
		$2.inheritsScope = text/x-csharp
		$2.scope = text/x-csharp
		$0.TextStylePolicy = $3
		$3.FileWidth = 120
		$3.TabWidth = 4
		$3.EolMarker = Unix
		$3.inheritsSet = Mono
		$3.inheritsScope = text/plain
		$3.scope = text/plain
	EndGlobalSection

EndGlobal
